{
  "version": "5",
  "specifiers": {
    "jsr:@std/assert@^1.0.13": "1.0.13",
    "jsr:@std/internal@^1.0.6": "1.0.9",
    "jsr:@std/internal@^1.0.8": "1.0.9",
    "jsr:@std/testing@^1.0.11": "1.0.14",
    "npm:preact-render-to-string@^6.5.13": "6.5.13_preact@10.26.9",
    "npm:preact@^10.26.4": "10.26.9"
  },
  "jsr": {
    "@std/assert@1.0.13": {
      "integrity": "ae0d31e41919b12c656c742b22522c32fb26ed0cba32975cb0de2a273cb68b29",
      "dependencies": [
        "jsr:@std/internal@^1.0.6"
      ]
    },
    "@std/internal@1.0.9": {
      "integrity": "bdfb97f83e4db7a13e8faab26fb1958d1b80cc64366501af78a0aee151696eb8"
    },
    "@std/testing@1.0.14": {
      "integrity": "144b3737105b9071cb50c957681f58a1b8ec0f3e5b19ad830f401c5fa931e8f0",
      "dependencies": [
        "jsr:@std/assert",
        "jsr:@std/internal@^1.0.8"
      ]
    }
  },
  "npm": {
    "preact-render-to-string@6.5.13_preact@10.26.9": {
      "integrity": "sha512-iGPd+hKPMFKsfpR2vL4kJ6ZPcFIoWZEcBf0Dpm3zOpdVvj77aY8RlLiQji5OMrngEyaxGogeakTb54uS2FvA6w==",
      "dependencies": [
        "preact"
      ]
    },
    "preact@10.26.9": {
      "integrity": "sha512-SSjF9vcnF27mJK1XyFMNJzFd5u3pQiATFqoaDy03XuN00u4ziveVVEGt5RKJrDR8MHE/wJo9Nnad56RLzS2RMA=="
    }
  },
  "workspace": {
    "dependencies": [
      "jsr:@std/assert@^1.0.13",
      "jsr:@std/testing@^1.0.11",
      "npm:preact-render-to-string@^6.5.13",
      "npm:preact@^10.26.4"
    ]
  }
}
